%{
  "coerce": {:hex, :coerce, "1.0.1", "211c27386315dc2894ac11bc1f413a0e38505d808153367bd5c6e75a4003d096", [:mix], [], "hexpm", "b44a691700f7a1a15b4b7e2ff1fa30bebd669929ac8aa43cffe9e2f8bf051cf1"},
  "earmark": {:hex, :earmark, "1.4.9", "837e4c1c5302b3135e9955f2bbf52c6c52e950c383983942b68b03909356c0d9", [:mix], [{:earmark_parser, ">= 1.4.9", [hex: :earmark_parser, repo: "hexpm", optional: false]}], "hexpm", "0d72df7d13a3dc8422882bed5263fdec5a773f56f7baeb02379361cb9e5b0d8e"},
  "earmark_parser": {:hex, :earmark_parser, "1.4.9", "819bda2049e6ee1365424e4ced1ba65806eacf0d2867415f19f3f80047f8037b", [:mix], [], "hexpm", "8bf54fddabf2d7e137a0c22660e71b49d5a0a82d1fb05b5af62f2761cd6485c4"},
  "ex_doc": {:hex, :ex_doc, "0.20.2", "1bd0dfb0304bade58beb77f20f21ee3558cc3c753743ae0ddbb0fd7ba2912331", [:mix], [{:earmark, "~> 1.3", [hex: :earmark, repo: "hexpm", optional: false]}, {:makeup_elixir, "~> 0.10", [hex: :makeup_elixir, repo: "hexpm", optional: false]}], "hexpm", "8e24fc8ff9a50b9f557ff020d6c91a03cded7e59ac3e0eec8a27e771430c7d27"},
  "makeup": {:hex, :makeup, "0.8.0", "9cf32aea71c7fe0a4b2e9246c2c4978f9070257e5c9ce6d4a28ec450a839b55f", [:mix], [{:nimble_parsec, "~> 0.5.0", [hex: :nimble_parsec, repo: "hexpm", optional: false]}], "hexpm", "5fbc8e549aa9afeea2847c0769e3970537ed302f93a23ac612602e805d9d1e7f"},
  "makeup_elixir": {:hex, :makeup_elixir, "0.13.0", "be7a477997dcac2e48a9d695ec730b2d22418292675c75aa2d34ba0909dcdeda", [:mix], [{:makeup, "~> 0.8", [hex: :makeup, repo: "hexpm", optional: false]}], "hexpm", "adf0218695e22caeda2820eaba703fa46c91820d53813a2223413da3ef4ba515"},
  "math": {:hex, :math, "0.3.0", "e14e7291115201cb155a3567e66d196bf5088a6f55b030d598107d7ae934a11c", [:mix], [], "hexpm", "5f2a14eeb8ed70b14c2dcd7c09e7e7b61aaa856d1fc0f07f53bf0f3586c561c1"},
  "nimble_parsec": {:hex, :nimble_parsec, "0.5.0", "90e2eca3d0266e5c53f8fbe0079694740b9c91b6747f2b7e3c5d21966bba8300", [:mix], [], "hexpm", "5c040b8469c1ff1b10093d3186e2e10dbe483cd73d79ec017993fb3985b8a9b3"},
  "numbers": {:hex, :numbers, "5.1.0", "afa96e166c5da52b4ff7beaee0716a398cf3e4d10769c795f016de2163bbf7ba", [:mix], [{:coerce, "~> 1.0", [hex: :coerce, repo: "hexpm", optional: false]}, {:decimal, "~> 1.3.0", [hex: :decimal, repo: "hexpm", optional: true]}], "hexpm", "4da7d946f5846732a4f67f9a5c94dc22f9833fd33ce58ab0720e6ce74b8113a6"},
  "ratio": {:hex, :ratio, "2.2.2", "c26013b9af7d03cf451bbe11608046e4c9d06e127f5e387668ae97163e75a6dd", [:mix], [{:numbers, "~> 5.1.0", [hex: :numbers, repo: "hexpm", optional: false]}], "hexpm", "fc8030931f501b16ea17321ef1dc0ac1a1c436fc15ddd089d0bcabb2dd2e80b7"},
}
